
Microsoft Visual Studio Solution File, Format Version 12.00
# Visual Studio 14
VisualStudioVersion = 14.0.24720.0
MinimumVisualStudioVersion = 10.0.40219.1
Project("{2150E333-8FDC-42A3-9474-1A3956D46DE8}") = "CommonWeb", "CommonWeb", "{2FE3B2AC-C60F-43A3-8E67-2E8F71B6B2E3}"
EndProject
Project("{2150E333-8FDC-42A3-9474-1A3956D46DE8}") = "Core", "Core", "{C40C5580-497D-48AF-880A-31CE78D59E5B}"
EndProject
Project("{2150E333-8FDC-42A3-9474-1A3956D46DE8}") = "Presenters", "Presenters", "{75DACAC0-4190-4F36-A3B2-17836B5B1FBA}"
EndProject
Project("{2150E333-8FDC-42A3-9474-1A3956D46DE8}") = "Utility", "Utility", "{2B497784-3969-43DD-ACBD-A00EB8B15138}"
EndProject
Project("{2150E333-8FDC-42A3-9474-1A3956D46DE8}") = "Lib", "Lib", "{2145B6FF-293A-4FD2-AFA3-82375D707973}"
	ProjectSection(SolutionItems) = preProject
		Lib\AjaxControlToolkit.dll = Lib\AjaxControlToolkit.dll
		Lib\Castle.DynamicProxy.dll = Lib\Castle.DynamicProxy.dll
		Lib\Castle.Facilities.AutoTx.dll = Lib\Castle.Facilities.AutoTx.dll
		Lib\Castle.Facilities.Logging.dll = Lib\Castle.Facilities.Logging.dll
		Lib\Castle.Facilities.NHibernateIntegration.dll = Lib\Castle.Facilities.NHibernateIntegration.dll
		Lib\Castle.MicroKernel.dll = Lib\Castle.MicroKernel.dll
		Lib\Castle.Services.Logging.Log4netIntegration.dll = Lib\Castle.Services.Logging.Log4netIntegration.dll
		Lib\Castle.Services.Transaction.dll = Lib\Castle.Services.Transaction.dll
		Lib\Castle.Windsor.dll = Lib\Castle.Windsor.dll
		Lib\Iesi.Collections.dll = Lib\Iesi.Collections.dll
		Lib\log4net.dll = Lib\log4net.dll
		Lib\NHibernate.ByteCode.Castle.dll = Lib\NHibernate.ByteCode.Castle.dll
		Lib\NHibernate.dll = Lib\NHibernate.dll
		Lib\NHibernate.Mapping.Attributes.dll = Lib\NHibernate.Mapping.Attributes.dll
		Lib\Validators.dll = Lib\Validators.dll
	EndProjectSection
EndProject
Project("{2150E333-8FDC-42A3-9474-1A3956D46DE8}") = "Database", "Database", "{19456CBC-5700-43D2-8F1C-752EBEE15BD1}"
	ProjectSection(SolutionItems) = preProject
		Database\CreateScript20130420.sql = Database\CreateScript20130420.sql
		Database\Indicies.sql = Database\Indicies.sql
		Database\UpdateScript.sql = Database\UpdateScript.sql
	EndProjectSection
EndProject
Project("{2150E333-8FDC-42A3-9474-1A3956D46DE8}") = "Setup", "Setup", "{2AAC1AA9-3961-4DD3-B543-8DAB542E29E3}"
EndProject
Project("{FAE04EC0-301F-11D3-BF4B-00C04F79EFBC}") = "Reports.CommonWeb", "Reports.CommonWeb\Reports.CommonWeb.csproj", "{B3032E92-B802-4876-92B3-6E2479EE6CDE}"
EndProject
Project("{FAE04EC0-301F-11D3-BF4B-00C04F79EFBC}") = "Reports.Core", "Reports.Core\Reports.Core.csproj", "{918064DA-FDBE-4DF2-8BA2-73F1C72F4DE5}"
EndProject
Project("{FAE04EC0-301F-11D3-BF4B-00C04F79EFBC}") = "Reports.Presenters", "Reports.Presenters\Reports.Presenters.csproj", "{22B7ACB5-AC6F-4D58-B546-1E8963B07AF1}"
EndProject
Project("{FAE04EC0-301F-11D3-BF4B-00C04F79EFBC}") = "Reports.SchemaGen", "Reports.SchemaGen\Reports.SchemaGen.csproj", "{8E372201-505D-471C-A720-3A20965F4645}"
EndProject
Project("{FAE04EC0-301F-11D3-BF4B-00C04F79EFBC}") = "WebMvc", "WebMvc\WebMvc.csproj", "{19F754EE-BF8D-42B6-8A87-54249595935E}"
EndProject
Project("{FAE04EC0-301F-11D3-BF4B-00C04F79EFBC}") = "ReportsTaskRunner", "ReportsTaskRunner\ReportsTaskRunner.csproj", "{572EB1FB-A8F0-461B-B497-EA2A9F67462D}"
EndProject
Project("{FAE04EC0-301F-11D3-BF4B-00C04F79EFBC}") = "NoteDocumentCreator", "NoteDocumentCreator\NoteDocumentCreator.csproj", "{36B24501-97E9-4890-9F3A-A3BAF8E132F3}"
EndProject
Project("{FAE04EC0-301F-11D3-BF4B-00C04F79EFBC}") = "QueryCreator", "QueryCreator\QueryCreator.csproj", "{01001EC8-3BAF-4C93-B84D-FED35F5D77A7}"
EndProject
Global
	GlobalSection(SolutionConfigurationPlatforms) = preSolution
		Debug|.NET = Debug|.NET
		Debug|Any CPU = Debug|Any CPU
		Debug|Mixed Platforms = Debug|Mixed Platforms
		Debug|x86 = Debug|x86
		Release|.NET = Release|.NET
		Release|Any CPU = Release|Any CPU
		Release|Mixed Platforms = Release|Mixed Platforms
		Release|x86 = Release|x86
	EndGlobalSection
	GlobalSection(ProjectConfigurationPlatforms) = postSolution
		{B3032E92-B802-4876-92B3-6E2479EE6CDE}.Debug|.NET.ActiveCfg = Debug|Any CPU
		{B3032E92-B802-4876-92B3-6E2479EE6CDE}.Debug|Any CPU.ActiveCfg = Debug|Any CPU
		{B3032E92-B802-4876-92B3-6E2479EE6CDE}.Debug|Any CPU.Build.0 = Debug|Any CPU
		{B3032E92-B802-4876-92B3-6E2479EE6CDE}.Debug|Mixed Platforms.ActiveCfg = Debug|Any CPU
		{B3032E92-B802-4876-92B3-6E2479EE6CDE}.Debug|Mixed Platforms.Build.0 = Debug|Any CPU
		{B3032E92-B802-4876-92B3-6E2479EE6CDE}.Debug|x86.ActiveCfg = Debug|Any CPU
		{B3032E92-B802-4876-92B3-6E2479EE6CDE}.Release|.NET.ActiveCfg = Release|Any CPU
		{B3032E92-B802-4876-92B3-6E2479EE6CDE}.Release|Any CPU.ActiveCfg = Release|Any CPU
		{B3032E92-B802-4876-92B3-6E2479EE6CDE}.Release|Any CPU.Build.0 = Release|Any CPU
		{B3032E92-B802-4876-92B3-6E2479EE6CDE}.Release|Mixed Platforms.ActiveCfg = Release|Any CPU
		{B3032E92-B802-4876-92B3-6E2479EE6CDE}.Release|Mixed Platforms.Build.0 = Release|Any CPU
		{B3032E92-B802-4876-92B3-6E2479EE6CDE}.Release|x86.ActiveCfg = Release|Any CPU
		{918064DA-FDBE-4DF2-8BA2-73F1C72F4DE5}.Debug|.NET.ActiveCfg = Debug|Any CPU
		{918064DA-FDBE-4DF2-8BA2-73F1C72F4DE5}.Debug|Any CPU.ActiveCfg = Debug|Any CPU
		{918064DA-FDBE-4DF2-8BA2-73F1C72F4DE5}.Debug|Any CPU.Build.0 = Debug|Any CPU
		{918064DA-FDBE-4DF2-8BA2-73F1C72F4DE5}.Debug|Mixed Platforms.ActiveCfg = Debug|Any CPU
		{918064DA-FDBE-4DF2-8BA2-73F1C72F4DE5}.Debug|Mixed Platforms.Build.0 = Debug|Any CPU
		{918064DA-FDBE-4DF2-8BA2-73F1C72F4DE5}.Debug|x86.ActiveCfg = Debug|Any CPU
		{918064DA-FDBE-4DF2-8BA2-73F1C72F4DE5}.Release|.NET.ActiveCfg = Release|Any CPU
		{918064DA-FDBE-4DF2-8BA2-73F1C72F4DE5}.Release|Any CPU.ActiveCfg = Release|Any CPU
		{918064DA-FDBE-4DF2-8BA2-73F1C72F4DE5}.Release|Any CPU.Build.0 = Release|Any CPU
		{918064DA-FDBE-4DF2-8BA2-73F1C72F4DE5}.Release|Mixed Platforms.ActiveCfg = Release|Any CPU
		{918064DA-FDBE-4DF2-8BA2-73F1C72F4DE5}.Release|Mixed Platforms.Build.0 = Release|Any CPU
		{918064DA-FDBE-4DF2-8BA2-73F1C72F4DE5}.Release|x86.ActiveCfg = Release|Any CPU
		{22B7ACB5-AC6F-4D58-B546-1E8963B07AF1}.Debug|.NET.ActiveCfg = Debug|Any CPU
		{22B7ACB5-AC6F-4D58-B546-1E8963B07AF1}.Debug|Any CPU.ActiveCfg = Debug|Any CPU
		{22B7ACB5-AC6F-4D58-B546-1E8963B07AF1}.Debug|Any CPU.Build.0 = Debug|Any CPU
		{22B7ACB5-AC6F-4D58-B546-1E8963B07AF1}.Debug|Mixed Platforms.ActiveCfg = Debug|Any CPU
		{22B7ACB5-AC6F-4D58-B546-1E8963B07AF1}.Debug|Mixed Platforms.Build.0 = Debug|Any CPU
		{22B7ACB5-AC6F-4D58-B546-1E8963B07AF1}.Debug|x86.ActiveCfg = Debug|Any CPU
		{22B7ACB5-AC6F-4D58-B546-1E8963B07AF1}.Release|.NET.ActiveCfg = Release|Any CPU
		{22B7ACB5-AC6F-4D58-B546-1E8963B07AF1}.Release|Any CPU.ActiveCfg = Release|Any CPU
		{22B7ACB5-AC6F-4D58-B546-1E8963B07AF1}.Release|Any CPU.Build.0 = Release|Any CPU
		{22B7ACB5-AC6F-4D58-B546-1E8963B07AF1}.Release|Mixed Platforms.ActiveCfg = Release|Any CPU
		{22B7ACB5-AC6F-4D58-B546-1E8963B07AF1}.Release|Mixed Platforms.Build.0 = Release|Any CPU
		{22B7ACB5-AC6F-4D58-B546-1E8963B07AF1}.Release|x86.ActiveCfg = Release|Any CPU
		{8E372201-505D-471C-A720-3A20965F4645}.Debug|.NET.ActiveCfg = Debug|Any CPU
		{8E372201-505D-471C-A720-3A20965F4645}.Debug|Any CPU.ActiveCfg = Debug|Any CPU
		{8E372201-505D-471C-A720-3A20965F4645}.Debug|Any CPU.Build.0 = Debug|Any CPU
		{8E372201-505D-471C-A720-3A20965F4645}.Debug|Mixed Platforms.ActiveCfg = Debug|Any CPU
		{8E372201-505D-471C-A720-3A20965F4645}.Debug|Mixed Platforms.Build.0 = Debug|Any CPU
		{8E372201-505D-471C-A720-3A20965F4645}.Debug|x86.ActiveCfg = Debug|Any CPU
		{8E372201-505D-471C-A720-3A20965F4645}.Release|.NET.ActiveCfg = Release|Any CPU
		{8E372201-505D-471C-A720-3A20965F4645}.Release|Any CPU.ActiveCfg = Release|Any CPU
		{8E372201-505D-471C-A720-3A20965F4645}.Release|Any CPU.Build.0 = Release|Any CPU
		{8E372201-505D-471C-A720-3A20965F4645}.Release|Mixed Platforms.ActiveCfg = Release|Any CPU
		{8E372201-505D-471C-A720-3A20965F4645}.Release|Mixed Platforms.Build.0 = Release|Any CPU
		{8E372201-505D-471C-A720-3A20965F4645}.Release|x86.ActiveCfg = Release|Any CPU
		{19F754EE-BF8D-42B6-8A87-54249595935E}.Debug|.NET.ActiveCfg = Debug|Any CPU
		{19F754EE-BF8D-42B6-8A87-54249595935E}.Debug|Any CPU.ActiveCfg = Debug|Any CPU
		{19F754EE-BF8D-42B6-8A87-54249595935E}.Debug|Any CPU.Build.0 = Debug|Any CPU
		{19F754EE-BF8D-42B6-8A87-54249595935E}.Debug|Mixed Platforms.ActiveCfg = Debug|Any CPU
		{19F754EE-BF8D-42B6-8A87-54249595935E}.Debug|Mixed Platforms.Build.0 = Debug|Any CPU
		{19F754EE-BF8D-42B6-8A87-54249595935E}.Debug|x86.ActiveCfg = Debug|Any CPU
		{19F754EE-BF8D-42B6-8A87-54249595935E}.Release|.NET.ActiveCfg = Release|Any CPU
		{19F754EE-BF8D-42B6-8A87-54249595935E}.Release|Any CPU.ActiveCfg = Release|Any CPU
		{19F754EE-BF8D-42B6-8A87-54249595935E}.Release|Any CPU.Build.0 = Release|Any CPU
		{19F754EE-BF8D-42B6-8A87-54249595935E}.Release|Mixed Platforms.ActiveCfg = Release|Any CPU
		{19F754EE-BF8D-42B6-8A87-54249595935E}.Release|Mixed Platforms.Build.0 = Release|Any CPU
		{19F754EE-BF8D-42B6-8A87-54249595935E}.Release|x86.ActiveCfg = Release|Any CPU
		{572EB1FB-A8F0-461B-B497-EA2A9F67462D}.Debug|.NET.ActiveCfg = Debug|x86
		{572EB1FB-A8F0-461B-B497-EA2A9F67462D}.Debug|Any CPU.ActiveCfg = Debug|x86
		{572EB1FB-A8F0-461B-B497-EA2A9F67462D}.Debug|Mixed Platforms.ActiveCfg = Debug|x86
		{572EB1FB-A8F0-461B-B497-EA2A9F67462D}.Debug|Mixed Platforms.Build.0 = Debug|x86
		{572EB1FB-A8F0-461B-B497-EA2A9F67462D}.Debug|x86.ActiveCfg = Debug|x86
		{572EB1FB-A8F0-461B-B497-EA2A9F67462D}.Debug|x86.Build.0 = Debug|x86
		{572EB1FB-A8F0-461B-B497-EA2A9F67462D}.Release|.NET.ActiveCfg = Release|x86
		{572EB1FB-A8F0-461B-B497-EA2A9F67462D}.Release|Any CPU.ActiveCfg = Release|x86
		{572EB1FB-A8F0-461B-B497-EA2A9F67462D}.Release|Mixed Platforms.ActiveCfg = Release|x86
		{572EB1FB-A8F0-461B-B497-EA2A9F67462D}.Release|Mixed Platforms.Build.0 = Release|x86
		{572EB1FB-A8F0-461B-B497-EA2A9F67462D}.Release|x86.ActiveCfg = Release|x86
		{572EB1FB-A8F0-461B-B497-EA2A9F67462D}.Release|x86.Build.0 = Release|x86
		{36B24501-97E9-4890-9F3A-A3BAF8E132F3}.Debug|.NET.ActiveCfg = Debug|Any CPU
		{36B24501-97E9-4890-9F3A-A3BAF8E132F3}.Debug|Any CPU.ActiveCfg = Debug|Any CPU
		{36B24501-97E9-4890-9F3A-A3BAF8E132F3}.Debug|Any CPU.Build.0 = Debug|Any CPU
		{36B24501-97E9-4890-9F3A-A3BAF8E132F3}.Debug|Mixed Platforms.ActiveCfg = Debug|Any CPU
		{36B24501-97E9-4890-9F3A-A3BAF8E132F3}.Debug|Mixed Platforms.Build.0 = Debug|Any CPU
		{36B24501-97E9-4890-9F3A-A3BAF8E132F3}.Debug|x86.ActiveCfg = Debug|Any CPU
		{36B24501-97E9-4890-9F3A-A3BAF8E132F3}.Release|.NET.ActiveCfg = Release|Any CPU
		{36B24501-97E9-4890-9F3A-A3BAF8E132F3}.Release|Any CPU.ActiveCfg = Release|Any CPU
		{36B24501-97E9-4890-9F3A-A3BAF8E132F3}.Release|Any CPU.Build.0 = Release|Any CPU
		{36B24501-97E9-4890-9F3A-A3BAF8E132F3}.Release|Mixed Platforms.ActiveCfg = Release|Any CPU
		{36B24501-97E9-4890-9F3A-A3BAF8E132F3}.Release|Mixed Platforms.Build.0 = Release|Any CPU
		{36B24501-97E9-4890-9F3A-A3BAF8E132F3}.Release|x86.ActiveCfg = Release|Any CPU
		{01001EC8-3BAF-4C93-B84D-FED35F5D77A7}.Debug|.NET.ActiveCfg = Debug|Any CPU
		{01001EC8-3BAF-4C93-B84D-FED35F5D77A7}.Debug|Any CPU.ActiveCfg = Debug|Any CPU
		{01001EC8-3BAF-4C93-B84D-FED35F5D77A7}.Debug|Any CPU.Build.0 = Debug|Any CPU
		{01001EC8-3BAF-4C93-B84D-FED35F5D77A7}.Debug|Mixed Platforms.ActiveCfg = Debug|Any CPU
		{01001EC8-3BAF-4C93-B84D-FED35F5D77A7}.Debug|Mixed Platforms.Build.0 = Debug|Any CPU
		{01001EC8-3BAF-4C93-B84D-FED35F5D77A7}.Debug|x86.ActiveCfg = Debug|Any CPU
		{01001EC8-3BAF-4C93-B84D-FED35F5D77A7}.Release|.NET.ActiveCfg = Release|Any CPU
		{01001EC8-3BAF-4C93-B84D-FED35F5D77A7}.Release|Any CPU.ActiveCfg = Release|Any CPU
		{01001EC8-3BAF-4C93-B84D-FED35F5D77A7}.Release|Any CPU.Build.0 = Release|Any CPU
		{01001EC8-3BAF-4C93-B84D-FED35F5D77A7}.Release|Mixed Platforms.ActiveCfg = Release|Any CPU
		{01001EC8-3BAF-4C93-B84D-FED35F5D77A7}.Release|Mixed Platforms.Build.0 = Release|Any CPU
		{01001EC8-3BAF-4C93-B84D-FED35F5D77A7}.Release|x86.ActiveCfg = Release|Any CPU
	EndGlobalSection
	GlobalSection(SolutionProperties) = preSolution
		HideSolutionNode = FALSE
	EndGlobalSection
	GlobalSection(NestedProjects) = preSolution
		{19456CBC-5700-43D2-8F1C-752EBEE15BD1} = {2B497784-3969-43DD-ACBD-A00EB8B15138}
		{B3032E92-B802-4876-92B3-6E2479EE6CDE} = {2FE3B2AC-C60F-43A3-8E67-2E8F71B6B2E3}
		{918064DA-FDBE-4DF2-8BA2-73F1C72F4DE5} = {C40C5580-497D-48AF-880A-31CE78D59E5B}
		{22B7ACB5-AC6F-4D58-B546-1E8963B07AF1} = {75DACAC0-4190-4F36-A3B2-17836B5B1FBA}
		{8E372201-505D-471C-A720-3A20965F4645} = {2B497784-3969-43DD-ACBD-A00EB8B15138}
		{572EB1FB-A8F0-461B-B497-EA2A9F67462D} = {2B497784-3969-43DD-ACBD-A00EB8B15138}
		{36B24501-97E9-4890-9F3A-A3BAF8E132F3} = {2B497784-3969-43DD-ACBD-A00EB8B15138}
		{01001EC8-3BAF-4C93-B84D-FED35F5D77A7} = {2B497784-3969-43DD-ACBD-A00EB8B15138}
	EndGlobalSection
EndGlobal
